
Microsoft Visual Studio Solution File, Format Version 12.00
# Visual Studio Version 17
VisualStudioVersion = 17.11.35312.102
MinimumVisualStudioVersion = 10.0.40219.1
Project("{FAE04EC0-301F-11D3-BF4B-00C04F79EFBC}") = "DoctorAppointmentSystem.WebApi", "DoctorAppointmentSystem\DoctorAppointmentSystem.WebApi.csproj", "{1503166B-6335-47BD-9DFD-D39E90ABFA6C}"
EndProject
Global
	GlobalSection(SolutionConfigurationPlatforms) = preSolution
		Debug|Any CPU = Debug|Any CPU
		Release|Any CPU = Release|Any CPU
	EndGlobalSection
	GlobalSection(ProjectConfigurationPlatforms) = postSolution
		{1503166B-6335-47BD-9DFD-D39E90ABFA6C}.Debug|Any CPU.ActiveCfg = Debug|Any CPU
		{1503166B-6335-47BD-9DFD-D39E90ABFA6C}.Debug|Any CPU.Build.0 = Debug|Any CPU
		{1503166B-6335-47BD-9DFD-D39E90ABFA6C}.Release|Any CPU.ActiveCfg = Release|Any CPU
		{1503166B-6335-47BD-9DFD-D39E90ABFA6C}.Release|Any CPU.Build.0 = Release|Any CPU
	EndGlobalSection
	GlobalSection(SolutionProperties) = preSolution
		HideSolutionNode = FALSE
	EndGlobalSection
	GlobalSection(ExtensibilityGlobals) = postSolution
		SolutionGuid = {60F6D5A7-B50D-4173-A262-79CC5D3BBFEA}
	EndGlobalSection
EndGlobal
